
Microsoft Visual Studio Solution File, Format Version 12.00
# Visual Studio Version 16
VisualStudioVersion = 16.0.30225.117
MinimumVisualStudioVersion = 10.0.40219.1
Project("{FAE04EC0-301F-11D3-BF4B-00C04F79EFBC}") = "WpfApp1", "WpfApp1\WpfApp1.csproj", "{CE3BC077-CBE9-4A79-AF59-AC543DD06E5C}"
EndProject
Project("{FAE04EC0-301F-11D3-BF4B-00C04F79EFBC}") = "ConsoleApp1", "ConsoleApp1\ConsoleApp1.csproj", "{D3DF3EDC-D71D-4340-B4A7-3D4A66364885}"
EndProject
Project("{FAE04EC0-301F-11D3-BF4B-00C04F79EFBC}") = "AutoLotDAL", "AutoLotDAL\AutoLotDAL.csproj", "{38E04C69-625D-4869-BA4C-0855E113F517}"
EndProject
Project("{FAE04EC0-301F-11D3-BF4B-00C04F79EFBC}") = "AutoLotDAL.Models", "AutoLotDAL.Models\AutoLotDAL.Models.csproj", "{896ABD7B-D2BE-434F-8E7E-86BC40F143C6}"
EndProject
Project("{FAE04EC0-301F-11D3-BF4B-00C04F79EFBC}") = "SampleDAL", "SampleDAL\SampleDAL.csproj", "{6DAFA4B0-7D89-4911-9A70-728F0B2FF086}"
EndProject
Project("{FAE04EC0-301F-11D3-BF4B-00C04F79EFBC}") = "SampleDAL.Models", "SampleDAL.Models\SampleDAL.Models.csproj", "{601E53C7-21B7-4D14-9729-15F15DDDB630}"
EndProject
Project("{FAE04EC0-301F-11D3-BF4B-00C04F79EFBC}") = "ConsoleApp2", "ConsoleApp2\ConsoleApp2.csproj", "{81AD1207-9F4D-4392-A1FF-DE8701F992C5}"
EndProject
Global
	GlobalSection(SolutionConfigurationPlatforms) = preSolution
		Debug|Any CPU = Debug|Any CPU
		Release|Any CPU = Release|Any CPU
	EndGlobalSection
	GlobalSection(ProjectConfigurationPlatforms) = postSolution
		{CE3BC077-CBE9-4A79-AF59-AC543DD06E5C}.Debug|Any CPU.ActiveCfg = Debug|Any CPU
		{CE3BC077-CBE9-4A79-AF59-AC543DD06E5C}.Debug|Any CPU.Build.0 = Debug|Any CPU
		{CE3BC077-CBE9-4A79-AF59-AC543DD06E5C}.Release|Any CPU.ActiveCfg = Release|Any CPU
		{CE3BC077-CBE9-4A79-AF59-AC543DD06E5C}.Release|Any CPU.Build.0 = Release|Any CPU
		{D3DF3EDC-D71D-4340-B4A7-3D4A66364885}.Debug|Any CPU.ActiveCfg = Debug|Any CPU
		{D3DF3EDC-D71D-4340-B4A7-3D4A66364885}.Debug|Any CPU.Build.0 = Debug|Any CPU
		{D3DF3EDC-D71D-4340-B4A7-3D4A66364885}.Release|Any CPU.ActiveCfg = Release|Any CPU
		{D3DF3EDC-D71D-4340-B4A7-3D4A66364885}.Release|Any CPU.Build.0 = Release|Any CPU
		{38E04C69-625D-4869-BA4C-0855E113F517}.Debug|Any CPU.ActiveCfg = Debug|Any CPU
		{38E04C69-625D-4869-BA4C-0855E113F517}.Debug|Any CPU.Build.0 = Debug|Any CPU
		{38E04C69-625D-4869-BA4C-0855E113F517}.Release|Any CPU.ActiveCfg = Release|Any CPU
		{38E04C69-625D-4869-BA4C-0855E113F517}.Release|Any CPU.Build.0 = Release|Any CPU
		{896ABD7B-D2BE-434F-8E7E-86BC40F143C6}.Debug|Any CPU.ActiveCfg = Debug|Any CPU
		{896ABD7B-D2BE-434F-8E7E-86BC40F143C6}.Debug|Any CPU.Build.0 = Debug|Any CPU
		{896ABD7B-D2BE-434F-8E7E-86BC40F143C6}.Release|Any CPU.ActiveCfg = Release|Any CPU
		{896ABD7B-D2BE-434F-8E7E-86BC40F143C6}.Release|Any CPU.Build.0 = Release|Any CPU
		{6DAFA4B0-7D89-4911-9A70-728F0B2FF086}.Debug|Any CPU.ActiveCfg = Debug|Any CPU
		{6DAFA4B0-7D89-4911-9A70-728F0B2FF086}.Debug|Any CPU.Build.0 = Debug|Any CPU
		{6DAFA4B0-7D89-4911-9A70-728F0B2FF086}.Release|Any CPU.ActiveCfg = Release|Any CPU
		{6DAFA4B0-7D89-4911-9A70-728F0B2FF086}.Release|Any CPU.Build.0 = Release|Any CPU
		{601E53C7-21B7-4D14-9729-15F15DDDB630}.Debug|Any CPU.ActiveCfg = Debug|Any CPU
		{601E53C7-21B7-4D14-9729-15F15DDDB630}.Debug|Any CPU.Build.0 = Debug|Any CPU
		{601E53C7-21B7-4D14-9729-15F15DDDB630}.Release|Any CPU.ActiveCfg = Release|Any CPU
		{601E53C7-21B7-4D14-9729-15F15DDDB630}.Release|Any CPU.Build.0 = Release|Any CPU
		{81AD1207-9F4D-4392-A1FF-DE8701F992C5}.Debug|Any CPU.ActiveCfg = Debug|Any CPU
		{81AD1207-9F4D-4392-A1FF-DE8701F992C5}.Debug|Any CPU.Build.0 = Debug|Any CPU
		{81AD1207-9F4D-4392-A1FF-DE8701F992C5}.Release|Any CPU.ActiveCfg = Release|Any CPU
		{81AD1207-9F4D-4392-A1FF-DE8701F992C5}.Release|Any CPU.Build.0 = Release|Any CPU
	EndGlobalSection
	GlobalSection(SolutionProperties) = preSolution
		HideSolutionNode = FALSE
	EndGlobalSection
	GlobalSection(ExtensibilityGlobals) = postSolution
		SolutionGuid = {55E64CA4-0324-476D-9297-DE1BCE8D2006}
	EndGlobalSection
EndGlobal
