
Microsoft Visual Studio Solution File, Format Version 12.00
# Visual Studio 15
VisualStudioVersion = 15.0.28307.1169
MinimumVisualStudioVersion = 10.0.40219.1
Project("{FAE04EC0-301F-11D3-BF4B-00C04F79EFBC}") = "ConsoleApp1", "ConsoleApp1\ConsoleApp1.csproj", "{476C3398-2FC8-4FC7-A4FE-8495C37B15D2}"
EndProject
Project("{FAE04EC0-301F-11D3-BF4B-00C04F79EFBC}") = "WpfApp1", "WpfApp1\WpfApp1.csproj", "{CE3BC077-CBE9-4A79-AF59-AC543DD06E5C}"
EndProject
Project("{FAE04EC0-301F-11D3-BF4B-00C04F79EFBC}") = "ClassLibrary1", "ClassLibrary1\ClassLibrary1.csproj", "{FFD900F7-31C9-4B5C-A7ED-7EC5B8A74129}"
EndProject
Project("{FAE04EC0-301F-11D3-BF4B-00C04F79EFBC}") = "ClassLibrary1.Tests", "ClassLibrary1.Tests\ClassLibrary1.Tests.csproj", "{EA30ED06-6060-47A6-A107-1EDC98387823}"
EndProject
Global
	GlobalSection(SolutionConfigurationPlatforms) = preSolution
		Debug|Any CPU = Debug|Any CPU
		Release|Any CPU = Release|Any CPU
	EndGlobalSection
	GlobalSection(ProjectConfigurationPlatforms) = postSolution
		{476C3398-2FC8-4FC7-A4FE-8495C37B15D2}.Debug|Any CPU.ActiveCfg = Debug|Any CPU
		{476C3398-2FC8-4FC7-A4FE-8495C37B15D2}.Debug|Any CPU.Build.0 = Debug|Any CPU
		{476C3398-2FC8-4FC7-A4FE-8495C37B15D2}.Release|Any CPU.ActiveCfg = Release|Any CPU
		{476C3398-2FC8-4FC7-A4FE-8495C37B15D2}.Release|Any CPU.Build.0 = Release|Any CPU
		{CE3BC077-CBE9-4A79-AF59-AC543DD06E5C}.Debug|Any CPU.ActiveCfg = Debug|Any CPU
		{CE3BC077-CBE9-4A79-AF59-AC543DD06E5C}.Debug|Any CPU.Build.0 = Debug|Any CPU
		{CE3BC077-CBE9-4A79-AF59-AC543DD06E5C}.Release|Any CPU.ActiveCfg = Release|Any CPU
		{CE3BC077-CBE9-4A79-AF59-AC543DD06E5C}.Release|Any CPU.Build.0 = Release|Any CPU
		{FFD900F7-31C9-4B5C-A7ED-7EC5B8A74129}.Debug|Any CPU.ActiveCfg = Debug|Any CPU
		{FFD900F7-31C9-4B5C-A7ED-7EC5B8A74129}.Debug|Any CPU.Build.0 = Debug|Any CPU
		{FFD900F7-31C9-4B5C-A7ED-7EC5B8A74129}.Release|Any CPU.ActiveCfg = Release|Any CPU
		{FFD900F7-31C9-4B5C-A7ED-7EC5B8A74129}.Release|Any CPU.Build.0 = Release|Any CPU
		{EA30ED06-6060-47A6-A107-1EDC98387823}.Debug|Any CPU.ActiveCfg = Debug|Any CPU
		{EA30ED06-6060-47A6-A107-1EDC98387823}.Debug|Any CPU.Build.0 = Debug|Any CPU
		{EA30ED06-6060-47A6-A107-1EDC98387823}.Release|Any CPU.ActiveCfg = Release|Any CPU
		{EA30ED06-6060-47A6-A107-1EDC98387823}.Release|Any CPU.Build.0 = Release|Any CPU
	EndGlobalSection
	GlobalSection(SolutionProperties) = preSolution
		HideSolutionNode = FALSE
	EndGlobalSection
	GlobalSection(ExtensibilityGlobals) = postSolution
		SolutionGuid = {55E64CA4-0324-476D-9297-DE1BCE8D2006}
	EndGlobalSection
EndGlobal
